
Microsoft Visual Studio Solution File, Format Version 12.00
# Visual Studio Version 17
VisualStudioVersion = 17.9.34723.18
MinimumVisualStudioVersion = 10.0.40219.1
Project("{9A19103F-16F7-4668-BE54-9A1E7A4F7556}") = "ApprentissageKana", "ApprentissageKana.csproj", "{B53C87FE-2E1A-4CBD-AA8B-BE3F7BE10FE5}"
EndProject
Global
	GlobalSection(SolutionConfigurationPlatforms) = preSolution
		Debug|Any CPU = Debug|Any CPU
		Release|Any CPU = Release|Any CPU
	EndGlobalSection
	GlobalSection(ProjectConfigurationPlatforms) = postSolution
		{B53C87FE-2E1A-4CBD-AA8B-BE3F7BE10FE5}.Debug|Any CPU.ActiveCfg = Debug|Any CPU
		{B53C87FE-2E1A-4CBD-AA8B-BE3F7BE10FE5}.Debug|Any CPU.Build.0 = Debug|Any CPU
		{B53C87FE-2E1A-4CBD-AA8B-BE3F7BE10FE5}.Release|Any CPU.ActiveCfg = Release|Any CPU
		{B53C87FE-2E1A-4CBD-AA8B-BE3F7BE10FE5}.Release|Any CPU.Build.0 = Release|Any CPU
	EndGlobalSection
	GlobalSection(SolutionProperties) = preSolution
		HideSolutionNode = FALSE
	EndGlobalSection
	GlobalSection(ExtensibilityGlobals) = postSolution
		SolutionGuid = {FB1DD031-4BD6-471F-B16B-E6BCD9C43F5C}
	EndGlobalSection
EndGlobal
